
Microsoft Visual Studio Solution File, Format Version 12.00
# Visual Studio 15
VisualStudioVersion = 15.0.27130.2027
MinimumVisualStudioVersion = 10.0.40219.1
Project("{FAE04EC0-301F-11D3-BF4B-00C04F79EFBC}") = "GGFront", "GGFront.csproj", "{F8034419-DFEB-4CBC-A1A9-E8F9FC3A2630}"
EndProject
Global
	GlobalSection(SolutionConfigurationPlatforms) = preSolution
		Debug|Any CPU = Debug|Any CPU
		Release|Any CPU = Release|Any CPU
	EndGlobalSection
	GlobalSection(ProjectConfigurationPlatforms) = postSolution
		{F8034419-DFEB-4CBC-A1A9-E8F9FC3A2630}.Debug|Any CPU.ActiveCfg = Debug|Any CPU
		{F8034419-DFEB-4CBC-A1A9-E8F9FC3A2630}.Debug|Any CPU.Build.0 = Debug|Any CPU
		{F8034419-DFEB-4CBC-A1A9-E8F9FC3A2630}.Release|Any CPU.ActiveCfg = Release|Any CPU
		{F8034419-DFEB-4CBC-A1A9-E8F9FC3A2630}.Release|Any CPU.Build.0 = Release|Any CPU
	EndGlobalSection
	GlobalSection(SolutionProperties) = preSolution
		HideSolutionNode = FALSE
	EndGlobalSection
	GlobalSection(ExtensibilityGlobals) = postSolution
		SolutionGuid = {E27E753B-B75A-40C6-BE42-1F27F8BC2B22}
	EndGlobalSection
EndGlobal
